
Microsoft Visual Studio Solution File, Format Version 12.00
# Visual Studio Version 17
VisualStudioVersion = 17.4.33110.190
MinimumVisualStudioVersion = 10.0.40219.1
Project("{FAE04EC0-301F-11D3-BF4B-00C04F79EFBC}") = "DependencyInjectionScopes", "DependencyInjectionScopes\DependencyInjectionScopes.csproj", "{A45102A2-9240-46C3-BAE4-B5568FE96E58}"
EndProject
Global
	GlobalSection(SolutionConfigurationPlatforms) = preSolution
		Debug|Any CPU = Debug|Any CPU
		Release|Any CPU = Release|Any CPU
	EndGlobalSection
	GlobalSection(ProjectConfigurationPlatforms) = postSolution
		{A45102A2-9240-46C3-BAE4-B5568FE96E58}.Debug|Any CPU.ActiveCfg = Debug|Any CPU
		{A45102A2-9240-46C3-BAE4-B5568FE96E58}.Debug|Any CPU.Build.0 = Debug|Any CPU
		{A45102A2-9240-46C3-BAE4-B5568FE96E58}.Release|Any CPU.ActiveCfg = Release|Any CPU
		{A45102A2-9240-46C3-BAE4-B5568FE96E58}.Release|Any CPU.Build.0 = Release|Any CPU
	EndGlobalSection
	GlobalSection(SolutionProperties) = preSolution
		HideSolutionNode = FALSE
	EndGlobalSection
	GlobalSection(ExtensibilityGlobals) = postSolution
		SolutionGuid = {F983AC99-8C80-483D-8416-82C84488AF3F}
	EndGlobalSection
EndGlobal
